// !$*UTF8*$!
{
	archiveVersion = 1;
	classes = {
	};
	objectVersion = 50;
	objects = {

/* Begin PBXBuildFile section */
		F5022BE122A4A84800F56268 /* AppDelegate.swift in Sources */ = {isa = PBXBuildFile; fileRef = F5022BE022A4A84800F56268 /* AppDelegate.swift */; };
		F5022BE322A4A84800F56268 /* ViewController.swift in Sources */ = {isa = PBXBuildFile; fileRef = F5022BE222A4A84800F56268 /* ViewController.swift */; };
		F5022BE622A4A84800F56268 /* Main.storyboard in Resources */ = {isa = PBXBuildFile; fileRef = F5022BE422A4A84800F56268 /* Main.storyboard */; };
		F5022BE822A4A84900F56268 /* Assets.xcassets in Resources */ = {isa = PBXBuildFile; fileRef = F5022BE722A4A84900F56268 /* Assets.xcassets */; };
		F5022BEB22A4A84900F56268 /* LaunchScreen.storyboard in Resources */ = {isa = PBXBuildFile; fileRef = F5022BE922A4A84900F56268 /* LaunchScreen.storyboard */; };
		F5022BF322A4B48000F56268 /* StackViewController.swift in Sources */ = {isa = PBXBuildFile; fileRef = F5022BF222A4B48000F56268 /* StackViewController.swift */; };
		F5022BF522A4C35D00F56268 /* ScrollViewController.swift in Sources */ = {isa = PBXBuildFile; fileRef = F5022BF422A4C35D00F56268 /* ScrollViewController.swift */; };
/* End PBXBuildFile section */

/* Begin PBXFileReference section */
		F5022BDD22A4A84800F56268 /* DemoStackView+ScrollView.app */ = {isa = PBXFileReference; explicitFileType = wrapper.application; includeInIndex = 0; path = "DemoStackView+ScrollView.app"; sourceTree = BUILT_PRODUCTS_DIR; };
		F5022BE022A4A84800F56268 /* AppDelegate.swift */ = {isa = PBXFileReference; lastKnownFileType = sourcecode.swift; path = AppDelegate.swift; sourceTree = "<group>"; };
		F5022BE222A4A84800F56268 /* ViewController.swift */ = {isa = PBXFileReference; lastKnownFileType = sourcecode.swift; path = ViewController.swift; sourceTree = "<group>"; };
		F5022BE522A4A84800F56268 /* Base */ = {isa = PBXFileReference; lastKnownFileType = file.storyboard; name = Base; path = Base.lproj/Main.storyboard; sourceTree = "<group>"; };
		F5022BE722A4A84900F56268 /* Assets.xcassets */ = {isa = PBXFileReference; lastKnownFileType = folder.assetcatalog; path = Assets.xcassets; sourceTree = "<group>"; };
		F5022BEA22A4A84900F56268 /* Base */ = {isa = PBXFileReference; lastKnownFileType = file.storyboard; name = Base; path = Base.lproj/LaunchScreen.storyboard; sourceTree = "<group>"; };
		F5022BEC22A4A84900F56268 /* Info.plist */ = {isa = PBXFileReference; lastKnownFileType = text.plist.xml; path = Info.plist; sourceTree = "<group>"; };
		F5022BF222A4B48000F56268 /* StackViewController.swift */ = {isa = PBXFileReference; lastKnownFileType = sourcecode.swift; path = StackViewController.swift; sourceTree = "<group>"; };
		F5022BF422A4C35D00F56268 /* ScrollViewController.swift */ = {isa = PBXFileReference; lastKnownFileType = sourcecode.swift; path = ScrollViewController.swift; sourceTree = "<group>"; };
/* End PBXFileReference section */

/* Begin PBXFrameworksBuildPhase section */
		F5022BDA22A4A84800F56268 /* Frameworks */ = {
			isa = PBXFrameworksBuildPhase;
			buildActionMask = 2147483647;
			files = (
			);
			runOnlyForDeploymentPostprocessing = 0;
		};
/* End PBXFrameworksBuildPhase section */

/* Begin PBXGroup section */
		F5022BD422A4A84800F56268 = {
			isa = PBXGroup;
			children = (
				F5022BDF22A4A84800F56268 /* DemoStackView+ScrollView */,
				F5022BDE22A4A84800F56268 /* Products */,
			);
			sourceTree = "<group>";
		};
		F5022BDE22A4A84800F56268 /* Products */ = {
			isa = PBXGroup;
			children = (
				F5022BDD22A4A84800F56268 /* DemoStackView+ScrollView.app */,
			);
			name = Products;
			sourceTree = "<group>";
		};
		F5022BDF22A4A84800F56268 /* DemoStackView+ScrollView */ = {
			isa = PBXGroup;
			children = (
				F5022BE022A4A84800F56268 /* AppDelegate.swift */,
				F5022BE222A4A84800F56268 /* ViewController.swift */,
				F5022BF222A4B48000F56268 /* StackViewController.swift */,
				F5022BF422A4C35D00F56268 /* ScrollViewController.swift */,
				F5022BE422A4A84800F56268 /* Main.storyboard */,
				F5022BE722A4A84900F56268 /* Assets.xcassets */,
				F5022BE922A4A84900F56268 /* LaunchScreen.storyboard */,
				F5022BEC22A4A84900F56268 /* Info.plist */,
			);
			path = "DemoStackView+ScrollView";
			sourceTree = "<group>";
		};
/* End PBXGroup section */

/* Begin PBXNativeTarget section */
		F5022BDC22A4A84800F56268 /* DemoStackView+ScrollView */ = {
			isa = PBXNativeTarget;
			buildConfigurationList = F5022BEF22A4A84900F56268 /* Build configuration list for PBXNativeTarget "DemoStackView+ScrollView" */;
			buildPhases = (
				F5022BD922A4A84800F56268 /* Sources */,
				F5022BDA22A4A84800F56268 /* Frameworks */,
				F5022BDB22A4A84800F56268 /* Resources */,
			);
			buildRules = (
			);
			dependencies = (
			);
			name = "DemoStackView+ScrollView";
			productName = "DemoStackView+ScrollView";
			productReference = F5022BDD22A4A84800F56268 /* DemoStackView+ScrollView.app */;
			productType = "com.apple.product-type.application";
		};
/* End PBXNativeTarget section */

/* Begin PBXProject section */
		F5022BD522A4A84800F56268 /* Project object */ = {
			isa = PBXProject;
			attributes = {
				LastSwiftUpdateCheck = 1020;
				LastUpgradeCheck = 1020;
				ORGANIZATIONNAME = ly.hoang.quang;
				TargetAttributes = {
					F5022BDC22A4A84800F56268 = {
						CreatedOnToolsVersion = 10.2.1;
					};
				};
			};
			buildConfigurationList = F5022BD822A4A84800F56268 /* Build configuration list for PBXProject "DemoStackView+ScrollView" */;
			compatibilityVersion = "Xcode 9.3";
			developmentRegion = en;
			hasScannedForEncodings = 0;
			knownRegions = (
				en,
				Base,
			);
			mainGroup = F5022BD422A4A84800F56268;
			productRefGroup = F5022BDE22A4A84800F56268 /* Products */;
			projectDirPath = "";
			projectRoot = "";
			targets = (
				F5022BDC22A4A84800F56268 /* DemoStackView+ScrollView */,
			);
		};
/* End PBXProject section */

/* Begin PBXResourcesBuildPhase section */
		F5022BDB22A4A84800F56268 /* Resources */ = {
			isa = PBXResourcesBuildPhase;
			buildActionMask = 2147483647;
			files = (
				F5022BEB22A4A84900F56268 /* LaunchScreen.storyboard in Resources */,
				F5022BE822A4A84900F56268 /* Assets.xcassets in Resources */,
				F5022BE622A4A84800F56268 /* Main.storyboard in Resources */,
			);
			runOnlyForDeploymentPostprocessing = 0;
		};
/* End PBXResourcesBuildPhase section */

/* Begin PBXSourcesBuildPhase section */
		F5022BD922A4A84800F56268 /* Sources */ = {
			isa = PBXSourcesBuildPhase;
			buildActionMask = 2147483647;
			files = (
				F5022BF322A4B48000F56268 /* StackViewController.swift in Sources */,
				F5022BE322A4A84800F56268 /* ViewController.swift in Sources */,
				F5022BE122A4A84800F56268 /* AppDelegate.swift in Sources */,
				F5022BF522A4C35D00F56268 /* ScrollViewController.swift in Sources */,
			);
			runOnlyForDeploymentPostprocessing = 0;
		};
/* End PBXSourcesBuildPhase section */

/* Begin PBXVariantGroup section */
		F5022BE422A4A84800F56268 /* Main.storyboard */ = {
			isa = PBXVariantGroup;
			children = (
				F5022BE522A4A84800F56268 /* Base */,
			);
			name = Main.storyboard;
			sourceTree = "<group>";
		};
		F5022BE922A4A84900F56268 /* LaunchScreen.storyboard */ = {
			isa = PBXVariantGroup;
			children = (
				F5022BEA22A4A84900F56268 /* Base */,
			);
			name = LaunchScreen.storyboard;
			sourceTree = "<group>";
		};
/* End PBXVariantGroup section */

/* Begin XCBuildConfiguration section */
		F5022BED22A4A84900F56268 /* Debug */ = {
			isa = XCBuildConfiguration;
			buildSettings = {
				ALWAYS_SEARCH_USER_PATHS = NO;
				CLANG_ANALYZER_NONNULL = YES;
				CLANG_ANALYZER_NUMBER_OBJECT_CONVERSION = YES_AGGRESSIVE;
				CLANG_CXX_LANGUAGE_STANDARD = "gnu++14";
				CLANG_CXX_LIBRARY = "libc++";
				CLANG_ENABLE_MODULES = YES;
				CLANG_ENABLE_OBJC_ARC = YES;
				CLANG_ENABLE_OBJC_WEAK = YES;
				CLANG_WARN_BLOCK_CAPTURE_AUTORELEASING = YES;
				CLANG_WARN_BOOL_CONVERSION = YES;
				CLANG_WARN_COMMA = YES;
				CLANG_WARN_CONSTANT_CONVERSION = YES;
				CLANG_WARN_DEPRECATED_OBJC_IMPLEMENTATIONS = YES;
				CLANG_WARN_DIRECT_OBJC_ISA_USAGE = YES_ERROR;
				CLANG_WARN_DOCUMENTATION_COMMENTS = YES;
				CLANG_WARN_EMPTY_BODY = YES;
				CLANG_WARN_ENUM_CONVERSION = YES;
				CLANG_WARN_INFINITE_RECURSION = YES;
				CLANG_WARN_INT_CONVERSION = YES;
				CLANG_WARN_NON_LITERAL_NULL_CONVERSION = YES;
				CLANG_WARN_OBJC_IMPLICIT_RETAIN_SELF = YES;
				CLANG_WARN_OBJC_LITERAL_CONVERSION = YES;
				CLANG_WARN_OBJC_ROOT_CLASS = YES_ERROR;
				CLANG_WARN_RANGE_LOOP_ANALYSIS = YES;
				CLANG_WARN_STRICT_PROTOTYPES = YES;
				CLANG_WARN_SUSPICIOUS_MOVE = YES;
				CLANG_WARN_UNGUARDED_AVAILABILITY = YES_AGGRESSIVE;
				CLANG_WARN_UNREACHABLE_CODE = YES;
				CLANG_WARN__DUPLICATE_METHOD_MATCH = YES;
				CODE_SIGN_IDENTITY = "iPhone Developer";
				COPY_PHASE_STRIP = NO;
				DEBUG_INFORMATION_FORMAT = dwarf;
				ENABLE_STRICT_OBJC_MSGSEND = YES;
				ENABLE_TESTABILITY = YES;
				GCC_C_LANGUAGE_STANDARD = gnu11;
				GCC_DYNAMIC_NO_PIC = NO;
				GCC_NO_COMMON_BLOCKS = YES;
				GCC_OPTIMIZATION_LEVEL = 0;
				GCC_PREPROCESSOR_DEFINITIONS = (
					"DEBUG=1",
					"$(inherited)",
				);
				GCC_WARN_64_TO_32_BIT_CONVERSION = YES;
				GCC_WARN_ABOUT_RETURN_TYPE = YES_ERROR;
				GCC_WARN_UNDECLARED_SELECTOR = YES;
				GCC_WARN_UNINITIALIZED_AUTOS = YES_AGGRESSIVE;
				GCC_WARN_UNUSED_FUNCTION = YES;
				GCC_WARN_UNUSED_VARIABLE = YES;
				IPHONEOS_DEPLOYMENT_TARGET = 12.2;
				MTL_ENABLE_DEBUG_INFO = INCLUDE_SOURCE;
				MTL_FAST_MATH = YES;
				ONLY_ACTIVE_ARCH = YES;
				SDKROOT = iphoneos;
				SWIFT_ACTIVE_COMPILATION_CONDITIONS = DEBUG;
				SWIFT_OPTIMIZATION_LEVEL = "-Onone";
			};
			name = Debug;
		};
		F5022BEE22A4A84900F56268 /* Release */ = {
			isa = XCBuildConfiguration;
			buildSettings = {
				ALWAYS_SEARCH_USER_PATHS = NO;
				CLANG_ANALYZER_NONNULL = YES;
				CLANG_ANALYZER_NUMBER_OBJECT_CONVERSION = YES_AGGRESSIVE;
				CLANG_CXX_LANGUAGE_STANDARD = "gnu++14";
				CLANG_CXX_LIBRARY = "libc++";
				CLANG_ENABLE_MODULES = YES;
				CLANG_ENABLE_OBJC_ARC = YES;
				CLANG_ENABLE_OBJC_WEAK = YES;
				CLANG_WARN_BLOCK_CAPTURE_AUTORELEASING = YES;
				CLANG_WARN_BOOL_CONVERSION = YES;
				CLANG_WARN_COMMA = YES;
				CLANG_WARN_CONSTANT_CONVERSION = YES;
				CLANG_WARN_DEPRECATED_OBJC_IMPLEMENTATIONS = YES;
				CLANG_WARN_DIRECT_OBJC_ISA_USAGE = YES_ERROR;
				CLANG_WARN_DOCUMENTATION_COMMENTS = YES;
				CLANG_WARN_EMPTY_BODY = YES;
				CLANG_WARN_ENUM_CONVERSION = YES;
				CLANG_WARN_INFINITE_RECURSION = YES;
				CLANG_WARN_INT_CONVERSION = YES;
				CLANG_WARN_NON_LITERAL_NULL_CONVERSION = YES;
				CLANG_WARN_OBJC_IMPLICIT_RETAIN_SELF = YES;
				CLANG_WARN_OBJC_LITERAL_CONVERSION = YES;
				CLANG_WARN_OBJC_ROOT_CLASS = YES_ERROR;
				CLANG_WARN_RANGE_LOOP_ANALYSIS = YES;
				CLANG_WARN_STRICT_PROTOTYPES = YES;
				CLANG_WARN_SUSPICIOUS_MOVE = YES;
				CLANG_WARN_UNGUARDED_AVAILABILITY = YES_AGGRESSIVE;
				CLANG_WARN_UNREACHABLE_CODE = YES;
				CLANG_WARN__DUPLICATE_METHOD_MATCH = YES;
				CODE_SIGN_IDENTITY = "iPhone Developer";
				COPY_PHASE_STRIP = NO;
				DEBUG_INFORMATION_FORMAT = "dwarf-with-dsym";
				ENABLE_NS_ASSERTIONS = NO;
				ENABLE_STRICT_OBJC_MSGSEND = YES;
				GCC_C_LANGUAGE_STANDARD = gnu11;
				GCC_NO_COMMON_BLOCKS = YES;
				GCC_WARN_64_TO_32_BIT_CONVERSION = YES;
				GCC_WARN_ABOUT_RETURN_TYPE = YES_ERROR;
				GCC_WARN_UNDECLARED_SELECTOR = YES;
				GCC_WARN_UNINITIALIZED_AUTOS = YES_AGGRESSIVE;
				GCC_WARN_UNUSED_FUNCTION = YES;
				GCC_WARN_UNUSED_VARIABLE = YES;
				IPHONEOS_DEPLOYMENT_TARGET = 12.2;
				MTL_ENABLE_DEBUG_INFO = NO;
				MTL_FAST_MATH = YES;
				SDKROOT = iphoneos;
				SWIFT_COMPILATION_MODE = wholemodule;
				SWIFT_OPTIMIZATION_LEVEL = "-O";
				VALIDATE_PRODUCT = YES;
			};
			name = Release;
		};
		F5022BF022A4A84900F56268 /* Debug */ = {
			isa = XCBuildConfiguration;
			buildSettings = {
				ASSETCATALOG_COMPILER_APPICON_NAME = AppIcon;
				CODE_SIGN_STYLE = Automatic;
				INFOPLIST_FILE = "DemoStackView+ScrollView/Info.plist";
				LD_RUNPATH_SEARCH_PATHS = (
					"$(inherited)",
					"@executable_path/Frameworks",
				);
				PRODUCT_BUNDLE_IDENTIFIER = "ly.hoang.quang.DemoStackView-ScrollView";
				PRODUCT_NAME = "$(TARGET_NAME)";
				SWIFT_VERSION = 5.0;
				TARGETED_DEVICE_FAMILY = "1,2";
			};
			name = Debug;
		};
		F5022BF122A4A84900F56268 /* Release */ = {
			isa = XCBuildConfiguration;
			buildSettings = {
				ASSETCATALOG_COMPILER_APPICON_NAME = AppIcon;
				CODE_SIGN_STYLE = Automatic;
				INFOPLIST_FILE = "DemoStackView+ScrollView/Info.plist";
				LD_RUNPATH_SEARCH_PATHS = (
					"$(inherited)",
					"@executable_path/Frameworks",
				);
				PRODUCT_BUNDLE_IDENTIFIER = "ly.hoang.quang.DemoStackView-ScrollView";
				PRODUCT_NAME = "$(TARGET_NAME)";
				SWIFT_VERSION = 5.0;
				TARGETED_DEVICE_FAMILY = "1,2";
			};
			name = Release;
		};
/* End XCBuildConfiguration section */

/* Begin XCConfigurationList section */
		F5022BD822A4A84800F56268 /* Build configuration list for PBXProject "DemoStackView+ScrollView" */ = {
			isa = XCConfigurationList;
			buildConfigurations = (
				F5022BED22A4A84900F56268 /* Debug */,
				F5022BEE22A4A84900F56268 /* Release */,
			);
			defaultConfigurationIsVisible = 0;
			defaultConfigurationName = Release;
		};
		F5022BEF22A4A84900F56268 /* Build configuration list for PBXNativeTarget "DemoStackView+ScrollView" */ = {
			isa = XCConfigurationList;
			buildConfigurations = (
				F5022BF022A4A84900F56268 /* Debug */,
				F5022BF122A4A84900F56268 /* Release */,
			);
			defaultConfigurationIsVisible = 0;
			defaultConfigurationName = Release;
		};
/* End XCConfigurationList section */
	};
	rootObject = F5022BD522A4A84800F56268 /* Project object */;
}
